
Microsoft Visual Studio Solution File, Format Version 12.00
# Visual Studio Version 16
VisualStudioVersion = 16.0.29709.97
MinimumVisualStudioVersion = 10.0.40219.1
Project("{FAE04EC0-301F-11D3-BF4B-00C04F79EFBC}") = "LearningDemo", "LearningDemo\LearningDemo.csproj", "{F87B8644-EFF7-4826-A606-49EA4ADC093E}"
EndProject
Global
	GlobalSection(SolutionConfigurationPlatforms) = preSolution
		Debug|Any CPU = Debug|Any CPU
		Release|Any CPU = Release|Any CPU
	EndGlobalSection
	GlobalSection(ProjectConfigurationPlatforms) = postSolution
		{F87B8644-EFF7-4826-A606-49EA4ADC093E}.Debug|Any CPU.ActiveCfg = Debug|Any CPU
		{F87B8644-EFF7-4826-A606-49EA4ADC093E}.Debug|Any CPU.Build.0 = Debug|Any CPU
		{F87B8644-EFF7-4826-A606-49EA4ADC093E}.Release|Any CPU.ActiveCfg = Release|Any CPU
		{F87B8644-EFF7-4826-A606-49EA4ADC093E}.Release|Any CPU.Build.0 = Release|Any CPU
	EndGlobalSection
	GlobalSection(SolutionProperties) = preSolution
		HideSolutionNode = FALSE
	EndGlobalSection
	GlobalSection(ExtensibilityGlobals) = postSolution
		SolutionGuid = {4D6CB195-3239-417A-9A3B-3368554A00B3}
	EndGlobalSection
EndGlobal
